// !$*UTF8*$!
{
	archiveVersion = 1;
	classes = {
	};
	objectVersion = 46;
	objects = {

/* Begin PBXBuildFile section */
		982AEAF21A828A93000A3A25 /* main.m in Sources */ = {isa = PBXBuildFile; fileRef = 982AEAF11A828A93000A3A25 /* main.m */; };
		982AEAF51A828A93000A3A25 /* AppDelegate.m in Sources */ = {isa = PBXBuildFile; fileRef = 982AEAF41A828A93000A3A25 /* AppDelegate.m */; };
		982AEAF81A828A93000A3A25 /* Practice_Core_Data.xcdatamodeld in Sources */ = {isa = PBXBuildFile; fileRef = 982AEAF61A828A93000A3A25 /* Practice_Core_Data.xcdatamodeld */; };
		982AEB031A828A93000A3A25 /* Images.xcassets in Resources */ = {isa = PBXBuildFile; fileRef = 982AEB021A828A93000A3A25 /* Images.xcassets */; };
		982AEB061A828A93000A3A25 /* LaunchScreen.xib in Resources */ = {isa = PBXBuildFile; fileRef = 982AEB041A828A93000A3A25 /* LaunchScreen.xib */; };
		982AEB121A828A93000A3A25 /* Practice_Core_DataTests.m in Sources */ = {isa = PBXBuildFile; fileRef = 982AEB111A828A93000A3A25 /* Practice_Core_DataTests.m */; };
		982AEB1D1A828CC0000A3A25 /* Adress.m in Sources */ = {isa = PBXBuildFile; fileRef = 982AEB1C1A828CC0000A3A25 /* Adress.m */; };
		982AEB201A828CC1000A3A25 /* Person.m in Sources */ = {isa = PBXBuildFile; fileRef = 982AEB1F1A828CC1000A3A25 /* Person.m */; };
		98ECBD681A83A5CE00F27750 /* ListTableViewController.m in Sources */ = {isa = PBXBuildFile; fileRef = 98ECBD671A83A5CE00F27750 /* ListTableViewController.m */; };
		98ECBD6C1A83AC0E00F27750 /* AddViewController.m in Sources */ = {isa = PBXBuildFile; fileRef = 98ECBD6A1A83AC0E00F27750 /* AddViewController.m */; };
		98ECBD6D1A83AC0E00F27750 /* AddViewController.xib in Resources */ = {isa = PBXBuildFile; fileRef = 98ECBD6B1A83AC0E00F27750 /* AddViewController.xib */; };
/* End PBXBuildFile section */

/* Begin PBXContainerItemProxy section */
		982AEB0C1A828A93000A3A25 /* PBXContainerItemProxy */ = {
			isa = PBXContainerItemProxy;
			containerPortal = 982AEAE41A828A93000A3A25 /* Project object */;
			proxyType = 1;
			remoteGlobalIDString = 982AEAEB1A828A93000A3A25;
			remoteInfo = "Practice Core Data";
		};
/* End PBXContainerItemProxy section */

/* Begin PBXFileReference section */
		982AEAEC1A828A93000A3A25 /* Practice Core Data.app */ = {isa = PBXFileReference; explicitFileType = wrapper.application; includeInIndex = 0; path = "Practice Core Data.app"; sourceTree = BUILT_PRODUCTS_DIR; };
		982AEAF01A828A93000A3A25 /* Info.plist */ = {isa = PBXFileReference; lastKnownFileType = text.plist.xml; path = Info.plist; sourceTree = "<group>"; };
		982AEAF11A828A93000A3A25 /* main.m */ = {isa = PBXFileReference; lastKnownFileType = sourcecode.c.objc; path = main.m; sourceTree = "<group>"; };
		982AEAF31A828A93000A3A25 /* AppDelegate.h */ = {isa = PBXFileReference; lastKnownFileType = sourcecode.c.h; path = AppDelegate.h; sourceTree = "<group>"; };
		982AEAF41A828A93000A3A25 /* AppDelegate.m */ = {isa = PBXFileReference; lastKnownFileType = sourcecode.c.objc; path = AppDelegate.m; sourceTree = "<group>"; };
		982AEAF71A828A93000A3A25 /* Practice_Core_Data.xcdatamodel */ = {isa = PBXFileReference; lastKnownFileType = wrapper.xcdatamodel; path = Practice_Core_Data.xcdatamodel; sourceTree = "<group>"; };
		982AEB021A828A93000A3A25 /* Images.xcassets */ = {isa = PBXFileReference; lastKnownFileType = folder.assetcatalog; path = Images.xcassets; sourceTree = "<group>"; };
		982AEB051A828A93000A3A25 /* Base */ = {isa = PBXFileReference; lastKnownFileType = file.xib; name = Base; path = Base.lproj/LaunchScreen.xib; sourceTree = "<group>"; };
		982AEB0B1A828A93000A3A25 /* Practice Core DataTests.xctest */ = {isa = PBXFileReference; explicitFileType = wrapper.cfbundle; includeInIndex = 0; path = "Practice Core DataTests.xctest"; sourceTree = BUILT_PRODUCTS_DIR; };
		982AEB101A828A93000A3A25 /* Info.plist */ = {isa = PBXFileReference; lastKnownFileType = text.plist.xml; path = Info.plist; sourceTree = "<group>"; };
		982AEB111A828A93000A3A25 /* Practice_Core_DataTests.m */ = {isa = PBXFileReference; lastKnownFileType = sourcecode.c.objc; path = Practice_Core_DataTests.m; sourceTree = "<group>"; };
		982AEB1B1A828CC0000A3A25 /* Adress.h */ = {isa = PBXFileReference; fileEncoding = 4; lastKnownFileType = sourcecode.c.h; name = Adress.h; path = "Model/Core Data/Adress.h"; sourceTree = "<group>"; };
		982AEB1C1A828CC0000A3A25 /* Adress.m */ = {isa = PBXFileReference; fileEncoding = 4; lastKnownFileType = sourcecode.c.objc; name = Adress.m; path = "Model/Core Data/Adress.m"; sourceTree = "<group>"; };
		982AEB1E1A828CC1000A3A25 /* Person.h */ = {isa = PBXFileReference; fileEncoding = 4; lastKnownFileType = sourcecode.c.h; name = Person.h; path = "Model/Core Data/Person.h"; sourceTree = "<group>"; };
		982AEB1F1A828CC1000A3A25 /* Person.m */ = {isa = PBXFileReference; fileEncoding = 4; lastKnownFileType = sourcecode.c.objc; name = Person.m; path = "Model/Core Data/Person.m"; sourceTree = "<group>"; };
		98ECBD661A83A5CE00F27750 /* ListTableViewController.h */ = {isa = PBXFileReference; fileEncoding = 4; lastKnownFileType = sourcecode.c.h; path = ListTableViewController.h; sourceTree = "<group>"; };
		98ECBD671A83A5CE00F27750 /* ListTableViewController.m */ = {isa = PBXFileReference; fileEncoding = 4; lastKnownFileType = sourcecode.c.objc; path = ListTableViewController.m; sourceTree = "<group>"; };
		98ECBD691A83AC0E00F27750 /* AddViewController.h */ = {isa = PBXFileReference; fileEncoding = 4; lastKnownFileType = sourcecode.c.h; path = AddViewController.h; sourceTree = "<group>"; };
		98ECBD6A1A83AC0E00F27750 /* AddViewController.m */ = {isa = PBXFileReference; fileEncoding = 4; lastKnownFileType = sourcecode.c.objc; path = AddViewController.m; sourceTree = "<group>"; };
		98ECBD6B1A83AC0E00F27750 /* AddViewController.xib */ = {isa = PBXFileReference; fileEncoding = 4; lastKnownFileType = file.xib; path = AddViewController.xib; sourceTree = "<group>"; };
/* End PBXFileReference section */

/* Begin PBXFrameworksBuildPhase section */
		982AEAE91A828A93000A3A25 /* Frameworks */ = {
			isa = PBXFrameworksBuildPhase;
			buildActionMask = 2147483647;
			files = (
			);
			runOnlyForDeploymentPostprocessing = 0;
		};
		982AEB081A828A93000A3A25 /* Frameworks */ = {
			isa = PBXFrameworksBuildPhase;
			buildActionMask = 2147483647;
			files = (
			);
			runOnlyForDeploymentPostprocessing = 0;
		};
/* End PBXFrameworksBuildPhase section */

/* Begin PBXGroup section */
		982AEAE31A828A93000A3A25 = {
			isa = PBXGroup;
			children = (
				982AEAEE1A828A93000A3A25 /* Practice Core Data */,
				982AEB0E1A828A93000A3A25 /* Practice Core DataTests */,
				982AEAED1A828A93000A3A25 /* Products */,
			);
			sourceTree = "<group>";
		};
		982AEAED1A828A93000A3A25 /* Products */ = {
			isa = PBXGroup;
			children = (
				982AEAEC1A828A93000A3A25 /* Practice Core Data.app */,
				982AEB0B1A828A93000A3A25 /* Practice Core DataTests.xctest */,
			);
			name = Products;
			sourceTree = "<group>";
		};
		982AEAEE1A828A93000A3A25 /* Practice Core Data */ = {
			isa = PBXGroup;
			children = (
				982AEAF31A828A93000A3A25 /* AppDelegate.h */,
				982AEAF41A828A93000A3A25 /* AppDelegate.m */,
				98ECBD601A839DF800F27750 /* View Controllers */,
				982AEB021A828A93000A3A25 /* Images.xcassets */,
				982AEB041A828A93000A3A25 /* LaunchScreen.xib */,
				982AEAF61A828A93000A3A25 /* Practice_Core_Data.xcdatamodeld */,
				982AEB211A828CD2000A3A25 /* Model */,
				982AEAEF1A828A93000A3A25 /* Supporting Files */,
			);
			path = "Practice Core Data";
			sourceTree = "<group>";
		};
		982AEAEF1A828A93000A3A25 /* Supporting Files */ = {
			isa = PBXGroup;
			children = (
				982AEAF01A828A93000A3A25 /* Info.plist */,
				982AEAF11A828A93000A3A25 /* main.m */,
			);
			name = "Supporting Files";
			sourceTree = "<group>";
		};
		982AEB0E1A828A93000A3A25 /* Practice Core DataTests */ = {
			isa = PBXGroup;
			children = (
				982AEB111A828A93000A3A25 /* Practice_Core_DataTests.m */,
				982AEB0F1A828A93000A3A25 /* Supporting Files */,
			);
			path = "Practice Core DataTests";
			sourceTree = "<group>";
		};
		982AEB0F1A828A93000A3A25 /* Supporting Files */ = {
			isa = PBXGroup;
			children = (
				982AEB101A828A93000A3A25 /* Info.plist */,
			);
			name = "Supporting Files";
			sourceTree = "<group>";
		};
		982AEB211A828CD2000A3A25 /* Model */ = {
			isa = PBXGroup;
			children = (
				982AEB221A828CEA000A3A25 /* Core Data */,
			);
			name = Model;
			sourceTree = "<group>";
		};
		982AEB221A828CEA000A3A25 /* Core Data */ = {
			isa = PBXGroup;
			children = (
				982AEB1E1A828CC1000A3A25 /* Person.h */,
				982AEB1F1A828CC1000A3A25 /* Person.m */,
				982AEB1B1A828CC0000A3A25 /* Adress.h */,
				982AEB1C1A828CC0000A3A25 /* Adress.m */,
			);
			name = "Core Data";
			sourceTree = "<group>";
		};
		98ECBD601A839DF800F27750 /* View Controllers */ = {
			isa = PBXGroup;
			children = (
				98ECBD611A839DF800F27750 /* Add */,
				98ECBD621A839DF800F27750 /* List */,
			);
			path = "View Controllers";
			sourceTree = "<group>";
		};
		98ECBD611A839DF800F27750 /* Add */ = {
			isa = PBXGroup;
			children = (
				98ECBD691A83AC0E00F27750 /* AddViewController.h */,
				98ECBD6A1A83AC0E00F27750 /* AddViewController.m */,
				98ECBD6B1A83AC0E00F27750 /* AddViewController.xib */,
			);
			path = Add;
			sourceTree = "<group>";
		};
		98ECBD621A839DF800F27750 /* List */ = {
			isa = PBXGroup;
			children = (
				98ECBD661A83A5CE00F27750 /* ListTableViewController.h */,
				98ECBD671A83A5CE00F27750 /* ListTableViewController.m */,
			);
			path = List;
			sourceTree = "<group>";
		};
/* End PBXGroup section */

/* Begin PBXNativeTarget section */
		982AEAEB1A828A93000A3A25 /* Practice Core Data */ = {
			isa = PBXNativeTarget;
			buildConfigurationList = 982AEB151A828A93000A3A25 /* Build configuration list for PBXNativeTarget "Practice Core Data" */;
			buildPhases = (
				982AEAE81A828A93000A3A25 /* Sources */,
				982AEAE91A828A93000A3A25 /* Frameworks */,
				982AEAEA1A828A93000A3A25 /* Resources */,
			);
			buildRules = (
			);
			dependencies = (
			);
			name = "Practice Core Data";
			productName = "Practice Core Data";
			productReference = 982AEAEC1A828A93000A3A25 /* Practice Core Data.app */;
			productType = "com.apple.product-type.application";
		};
		982AEB0A1A828A93000A3A25 /* Practice Core DataTests */ = {
			isa = PBXNativeTarget;
			buildConfigurationList = 982AEB181A828A93000A3A25 /* Build configuration list for PBXNativeTarget "Practice Core DataTests" */;
			buildPhases = (
				982AEB071A828A93000A3A25 /* Sources */,
				982AEB081A828A93000A3A25 /* Frameworks */,
				982AEB091A828A93000A3A25 /* Resources */,
			);
			buildRules = (
			);
			dependencies = (
				982AEB0D1A828A93000A3A25 /* PBXTargetDependency */,
			);
			name = "Practice Core DataTests";
			productName = "Practice Core DataTests";
			productReference = 982AEB0B1A828A93000A3A25 /* Practice Core DataTests.xctest */;
			productType = "com.apple.product-type.bundle.unit-test";
		};
/* End PBXNativeTarget section */

/* Begin PBXProject section */
		982AEAE41A828A93000A3A25 /* Project object */ = {
			isa = PBXProject;
			attributes = {
				LastUpgradeCheck = 0610;
				ORGANIZATIONNAME = "Thakur VJ";
				TargetAttributes = {
					982AEAEB1A828A93000A3A25 = {
						CreatedOnToolsVersion = 6.1.1;
					};
					982AEB0A1A828A93000A3A25 = {
						CreatedOnToolsVersion = 6.1.1;
						TestTargetID = 982AEAEB1A828A93000A3A25;
					};
				};
			};
			buildConfigurationList = 982AEAE71A828A93000A3A25 /* Build configuration list for PBXProject "Practice Core Data" */;
			compatibilityVersion = "Xcode 3.2";
			developmentRegion = English;
			hasScannedForEncodings = 0;
			knownRegions = (
				en,
				Base,
			);
			mainGroup = 982AEAE31A828A93000A3A25;
			productRefGroup = 982AEAED1A828A93000A3A25 /* Products */;
			projectDirPath = "";
			projectRoot = "";
			targets = (
				982AEAEB1A828A93000A3A25 /* Practice Core Data */,
				982AEB0A1A828A93000A3A25 /* Practice Core DataTests */,
			);
		};
/* End PBXProject section */

/* Begin PBXResourcesBuildPhase section */
		982AEAEA1A828A93000A3A25 /* Resources */ = {
			isa = PBXResourcesBuildPhase;
			buildActionMask = 2147483647;
			files = (
				98ECBD6D1A83AC0E00F27750 /* AddViewController.xib in Resources */,
				982AEB061A828A93000A3A25 /* LaunchScreen.xib in Resources */,
				982AEB031A828A93000A3A25 /* Images.xcassets in Resources */,
			);
			runOnlyForDeploymentPostprocessing = 0;
		};
		982AEB091A828A93000A3A25 /* Resources */ = {
			isa = PBXResourcesBuildPhase;
			buildActionMask = 2147483647;
			files = (
			);
			runOnlyForDeploymentPostprocessing = 0;
		};
/* End PBXResourcesBuildPhase section */

/* Begin PBXSourcesBuildPhase section */
		982AEAE81A828A93000A3A25 /* Sources */ = {
			isa = PBXSourcesBuildPhase;
			buildActionMask = 2147483647;
			files = (
				982AEB201A828CC1000A3A25 /* Person.m in Sources */,
				982AEAF81A828A93000A3A25 /* Practice_Core_Data.xcdatamodeld in Sources */,
				982AEAF51A828A93000A3A25 /* AppDelegate.m in Sources */,
				98ECBD6C1A83AC0E00F27750 /* AddViewController.m in Sources */,
				982AEAF21A828A93000A3A25 /* main.m in Sources */,
				982AEB1D1A828CC0000A3A25 /* Adress.m in Sources */,
				98ECBD681A83A5CE00F27750 /* ListTableViewController.m in Sources */,
			);
			runOnlyForDeploymentPostprocessing = 0;
		};
		982AEB071A828A93000A3A25 /* Sources */ = {
			isa = PBXSourcesBuildPhase;
			buildActionMask = 2147483647;
			files = (
				982AEB121A828A93000A3A25 /* Practice_Core_DataTests.m in Sources */,
			);
			runOnlyForDeploymentPostprocessing = 0;
		};
/* End PBXSourcesBuildPhase section */

/* Begin PBXTargetDependency section */
		982AEB0D1A828A93000A3A25 /* PBXTargetDependency */ = {
			isa = PBXTargetDependency;
			target = 982AEAEB1A828A93000A3A25 /* Practice Core Data */;
			targetProxy = 982AEB0C1A828A93000A3A25 /* PBXContainerItemProxy */;
		};
/* End PBXTargetDependency section */

/* Begin PBXVariantGroup section */
		982AEB041A828A93000A3A25 /* LaunchScreen.xib */ = {
			isa = PBXVariantGroup;
			children = (
				982AEB051A828A93000A3A25 /* Base */,
			);
			name = LaunchScreen.xib;
			sourceTree = "<group>";
		};
/* End PBXVariantGroup section */

/* Begin XCBuildConfiguration section */
		982AEB131A828A93000A3A25 /* Debug */ = {
			isa = XCBuildConfiguration;
			buildSettings = {
				ALWAYS_SEARCH_USER_PATHS = NO;
				CLANG_CXX_LANGUAGE_STANDARD = "gnu++0x";
				CLANG_CXX_LIBRARY = "libc++";
				CLANG_ENABLE_MODULES = YES;
				CLANG_ENABLE_OBJC_ARC = YES;
				CLANG_WARN_BOOL_CONVERSION = YES;
				CLANG_WARN_CONSTANT_CONVERSION = YES;
				CLANG_WARN_DIRECT_OBJC_ISA_USAGE = YES_ERROR;
				CLANG_WARN_EMPTY_BODY = YES;
				CLANG_WARN_ENUM_CONVERSION = YES;
				CLANG_WARN_INT_CONVERSION = YES;
				CLANG_WARN_OBJC_ROOT_CLASS = YES_ERROR;
				CLANG_WARN_UNREACHABLE_CODE = YES;
				CLANG_WARN__DUPLICATE_METHOD_MATCH = YES;
				"CODE_SIGN_IDENTITY[sdk=iphoneos*]" = "iPhone Developer";
				COPY_PHASE_STRIP = NO;
				ENABLE_STRICT_OBJC_MSGSEND = YES;
				GCC_C_LANGUAGE_STANDARD = gnu99;
				GCC_DYNAMIC_NO_PIC = NO;
				GCC_OPTIMIZATION_LEVEL = 0;
				GCC_PREPROCESSOR_DEFINITIONS = (
					"DEBUG=1",
					"$(inherited)",
				);
				GCC_SYMBOLS_PRIVATE_EXTERN = NO;
				GCC_WARN_64_TO_32_BIT_CONVERSION = YES;
				GCC_WARN_ABOUT_RETURN_TYPE = YES_ERROR;
				GCC_WARN_UNDECLARED_SELECTOR = YES;
				GCC_WARN_UNINITIALIZED_AUTOS = YES_AGGRESSIVE;
				GCC_WARN_UNUSED_FUNCTION = YES;
				GCC_WARN_UNUSED_VARIABLE = YES;
				IPHONEOS_DEPLOYMENT_TARGET = 8.1;
				MTL_ENABLE_DEBUG_INFO = YES;
				ONLY_ACTIVE_ARCH = YES;
				SDKROOT = iphoneos;
			};
			name = Debug;
		};
		982AEB141A828A93000A3A25 /* Release */ = {
			isa = XCBuildConfiguration;
			buildSettings = {
				ALWAYS_SEARCH_USER_PATHS = NO;
				CLANG_CXX_LANGUAGE_STANDARD = "gnu++0x";
				CLANG_CXX_LIBRARY = "libc++";
				CLANG_ENABLE_MODULES = YES;
				CLANG_ENABLE_OBJC_ARC = YES;
				CLANG_WARN_BOOL_CONVERSION = YES;
				CLANG_WARN_CONSTANT_CONVERSION = YES;
				CLANG_WARN_DIRECT_OBJC_ISA_USAGE = YES_ERROR;
				CLANG_WARN_EMPTY_BODY = YES;
				CLANG_WARN_ENUM_CONVERSION = YES;
				CLANG_WARN_INT_CONVERSION = YES;
				CLANG_WARN_OBJC_ROOT_CLASS = YES_ERROR;
				CLANG_WARN_UNREACHABLE_CODE = YES;
				CLANG_WARN__DUPLICATE_METHOD_MATCH = YES;
				"CODE_SIGN_IDENTITY[sdk=iphoneos*]" = "iPhone Developer";
				COPY_PHASE_STRIP = YES;
				ENABLE_NS_ASSERTIONS = NO;
				ENABLE_STRICT_OBJC_MSGSEND = YES;
				GCC_C_LANGUAGE_STANDARD = gnu99;
				GCC_WARN_64_TO_32_BIT_CONVERSION = YES;
				GCC_WARN_ABOUT_RETURN_TYPE = YES_ERROR;
				GCC_WARN_UNDECLARED_SELECTOR = YES;
				GCC_WARN_UNINITIALIZED_AUTOS = YES_AGGRESSIVE;
				GCC_WARN_UNUSED_FUNCTION = YES;
				GCC_WARN_UNUSED_VARIABLE = YES;
				IPHONEOS_DEPLOYMENT_TARGET = 8.1;
				MTL_ENABLE_DEBUG_INFO = NO;
				SDKROOT = iphoneos;
				VALIDATE_PRODUCT = YES;
			};
			name = Release;
		};
		982AEB161A828A93000A3A25 /* Debug */ = {
			isa = XCBuildConfiguration;
			buildSettings = {
				ASSETCATALOG_COMPILER_APPICON_NAME = AppIcon;
				INFOPLIST_FILE = "Practice Core Data/Info.plist";
				LD_RUNPATH_SEARCH_PATHS = "$(inherited) @executable_path/Frameworks";
				PRODUCT_NAME = "$(TARGET_NAME)";
			};
			name = Debug;
		};
		982AEB171A828A93000A3A25 /* Release */ = {
			isa = XCBuildConfiguration;
			buildSettings = {
				ASSETCATALOG_COMPILER_APPICON_NAME = AppIcon;
				INFOPLIST_FILE = "Practice Core Data/Info.plist";
				LD_RUNPATH_SEARCH_PATHS = "$(inherited) @executable_path/Frameworks";
				PRODUCT_NAME = "$(TARGET_NAME)";
			};
			name = Release;
		};
		982AEB191A828A93000A3A25 /* Debug */ = {
			isa = XCBuildConfiguration;
			buildSettings = {
				BUNDLE_LOADER = "$(TEST_HOST)";
				FRAMEWORK_SEARCH_PATHS = (
					"$(SDKROOT)/Developer/Library/Frameworks",
					"$(inherited)",
				);
				GCC_PREPROCESSOR_DEFINITIONS = (
					"DEBUG=1",
					"$(inherited)",
				);
				INFOPLIST_FILE = "Practice Core DataTests/Info.plist";
				LD_RUNPATH_SEARCH_PATHS = "$(inherited) @executable_path/Frameworks @loader_path/Frameworks";
				PRODUCT_NAME = "$(TARGET_NAME)";
				TEST_HOST = "$(BUILT_PRODUCTS_DIR)/Practice Core Data.app/Practice Core Data";
			};
			name = Debug;
		};
		982AEB1A1A828A93000A3A25 /* Release */ = {
			isa = XCBuildConfiguration;
			buildSettings = {
				BUNDLE_LOADER = "$(TEST_HOST)";
				FRAMEWORK_SEARCH_PATHS = (
					"$(SDKROOT)/Developer/Library/Frameworks",
					"$(inherited)",
				);
				INFOPLIST_FILE = "Practice Core DataTests/Info.plist";
				LD_RUNPATH_SEARCH_PATHS = "$(inherited) @executable_path/Frameworks @loader_path/Frameworks";
				PRODUCT_NAME = "$(TARGET_NAME)";
				TEST_HOST = "$(BUILT_PRODUCTS_DIR)/Practice Core Data.app/Practice Core Data";
			};
			name = Release;
		};
/* End XCBuildConfiguration section */

/* Begin XCConfigurationList section */
		982AEAE71A828A93000A3A25 /* Build configuration list for PBXProject "Practice Core Data" */ = {
			isa = XCConfigurationList;
			buildConfigurations = (
				982AEB131A828A93000A3A25 /* Debug */,
				982AEB141A828A93000A3A25 /* Release */,
			);
			defaultConfigurationIsVisible = 0;
			defaultConfigurationName = Release;
		};
		982AEB151A828A93000A3A25 /* Build configuration list for PBXNativeTarget "Practice Core Data" */ = {
			isa = XCConfigurationList;
			buildConfigurations = (
				982AEB161A828A93000A3A25 /* Debug */,
				982AEB171A828A93000A3A25 /* Release */,
			);
			defaultConfigurationIsVisible = 0;
			defaultConfigurationName = Release;
		};
		982AEB181A828A93000A3A25 /* Build configuration list for PBXNativeTarget "Practice Core DataTests" */ = {
			isa = XCConfigurationList;
			buildConfigurations = (
				982AEB191A828A93000A3A25 /* Debug */,
				982AEB1A1A828A93000A3A25 /* Release */,
			);
			defaultConfigurationIsVisible = 0;
			defaultConfigurationName = Release;
		};
/* End XCConfigurationList section */

/* Begin XCVersionGroup section */
		982AEAF61A828A93000A3A25 /* Practice_Core_Data.xcdatamodeld */ = {
			isa = XCVersionGroup;
			children = (
				982AEAF71A828A93000A3A25 /* Practice_Core_Data.xcdatamodel */,
			);
			currentVersion = 982AEAF71A828A93000A3A25 /* Practice_Core_Data.xcdatamodel */;
			path = Practice_Core_Data.xcdatamodeld;
			sourceTree = "<group>";
			versionGroupType = wrapper.xcdatamodel;
		};
/* End XCVersionGroup section */
	};
	rootObject = 982AEAE41A828A93000A3A25 /* Project object */;
}
